
Microsoft Visual Studio Solution File, Format Version 12.00
# Visual Studio Version 17
VisualStudioVersion = 17.8.34525.116
MinimumVisualStudioVersion = 10.0.40219.1
Project("{2150E333-8FDC-42A3-9474-1A3956D46DE8}") = "Services", "Services", "{98801F3D-096D-4F21-852B-CB5000A6CF48}"
EndProject
Project("{2150E333-8FDC-42A3-9474-1A3956D46DE8}") = "Catalog", "Catalog", "{34BED1C9-8C4A-463D-A1D7-187A2D8D0328}"
EndProject
Project("{9A19103F-16F7-4668-BE54-9A1E7A4F7556}") = "MultiShop.Catalog", "MultiShop.Catalog\MultiShop.Catalog.csproj", "{39F37CEE-451B-4252-B78B-33053E6AFD79}"
EndProject
Project("{2150E333-8FDC-42A3-9474-1A3956D46DE8}") = "Discount", "Discount", "{774A94FD-2C02-40B7-B4F9-076F6D9702E5}"
EndProject
Project("{9A19103F-16F7-4668-BE54-9A1E7A4F7556}") = "MultiShop.Discount", "MultiShop.Discount\MultiShop.Discount\MultiShop.Discount.csproj", "{F28FE4BB-96E7-42DE-8D2A-44A018641611}"
EndProject
Project("{2150E333-8FDC-42A3-9474-1A3956D46DE8}") = "Order", "Order", "{533752FA-3810-446C-B6AF-E8742ADF7ABA}"
EndProject
Project("{2150E333-8FDC-42A3-9474-1A3956D46DE8}") = "Core", "Core", "{4C54A6D1-85BA-46B9-BD3A-DCD11CE7D52F}"
EndProject
Project("{2150E333-8FDC-42A3-9474-1A3956D46DE8}") = "Infrastructure", "Infrastructure", "{DCB0373A-F3CD-4B98-B328-A73AA55AA211}"
EndProject
Project("{2150E333-8FDC-42A3-9474-1A3956D46DE8}") = "Presentation", "Presentation", "{9089BCDC-C81D-4023-B299-813B9DC85770}"
EndProject
Project("{9A19103F-16F7-4668-BE54-9A1E7A4F7556}") = "MultiShop.Order.Application", "MultiShop.Order.Application\MultiShop.Order.Application.csproj", "{AE64340A-25AD-4204-9EC1-909D87D172D0}"
EndProject
Project("{9A19103F-16F7-4668-BE54-9A1E7A4F7556}") = "MultiShop.Order.Domain", "MultiShop.Order.Domain\MultiShop.Order.Domain.csproj", "{3C36B65F-23FA-4826-889B-E83107915CBB}"
EndProject
Project("{9A19103F-16F7-4668-BE54-9A1E7A4F7556}") = "Multishop.Order.Persistence", "Multishop.Order.Persistence\Multishop.Order.Persistence.csproj", "{1E3906FE-DEEA-46FC-82A7-DBB60765384C}"
EndProject
Project("{9A19103F-16F7-4668-BE54-9A1E7A4F7556}") = "MultiShop.Order.WebApi", "MultiShop.Order.WebApi\MultiShop.Order.WebApi.csproj", "{E5735600-248C-4046-9985-51DC98944F9A}"
EndProject
Project("{2150E333-8FDC-42A3-9474-1A3956D46DE8}") = "IdentityServer", "IdentityServer", "{CADF529A-7890-4CE6-A146-D32FDF769713}"
EndProject
Project("{9A19103F-16F7-4668-BE54-9A1E7A4F7556}") = "MultiShop.IdentityServer", "IdentityServer\MultiShop.IdentityServer\MultiShop.IdentityServer.csproj", "{A35CF194-4B0D-42F3-8D36-4ECD982CFDB1}"
EndProject
Project("{2150E333-8FDC-42A3-9474-1A3956D46DE8}") = "Requirements", "Requirements", "{70725404-423E-4AF0-BA32-6BEAF2A4D793}"
	ProjectSection(SolutionItems) = preProject
		IdentityServerVersionErrorSolution.txt = IdentityServerVersionErrorSolution.txt
		PortainerCmd.txt = PortainerCmd.txt
		PortList.txt = PortList.txt
	EndProjectSection
EndProject
Project("{2150E333-8FDC-42A3-9474-1A3956D46DE8}") = "Cargo", "Cargo", "{D7EBA912-3742-4922-91AA-A564262A2652}"
EndProject
Project("{9A19103F-16F7-4668-BE54-9A1E7A4F7556}") = "MultiShop.Cargo.EntityLayer", "Services\Cargo\MultiShop.Cargo.EntityLayer\MultiShop.Cargo.EntityLayer.csproj", "{EBFE220E-87B9-4245-AF93-70C4E5C943B3}"
EndProject
Project("{9A19103F-16F7-4668-BE54-9A1E7A4F7556}") = "MultiShop.Cargo.BusinessLayer", "Services\Cargo\MultiShop.Cargo.BusinessLayer\MultiShop.Cargo.BusinessLayer.csproj", "{0FED5BF9-6D52-47BD-BD9D-29C9A7DC96FF}"
EndProject
Project("{9A19103F-16F7-4668-BE54-9A1E7A4F7556}") = "MultiShop.Cargo.DataAccessLayer", "Services\Cargo\MultiShop.Cargo.DataAccessLayer\MultiShop.Cargo.DataAccessLayer.csproj", "{73FC2A60-7A8B-43F4-BAA4-3F2872C58782}"
EndProject
Project("{9A19103F-16F7-4668-BE54-9A1E7A4F7556}") = "MultiShop.Cargo.DtoLayer", "Services\Cargo\MultiShop.Cargo.DtoLayer\MultiShop.Cargo.DtoLayer.csproj", "{CFFAAE48-032A-4777-AA55-1E08B11C2AD4}"
EndProject
Project("{9A19103F-16F7-4668-BE54-9A1E7A4F7556}") = "MultiShop.Cargo.WebApi", "Services\Cargo\MultiShop.Cargo.WebApi\MultiShop.Cargo.WebApi.csproj", "{D0554D0C-95F6-42C3-BD9E-8744441CA76B}"
EndProject
Project("{2150E333-8FDC-42A3-9474-1A3956D46DE8}") = "Basket", "Basket", "{9689B428-413A-49F7-8A7C-909634BAA928}"
EndProject
Project("{FAE04EC0-301F-11D3-BF4B-00C04F79EFBC}") = "MultiShop.Basket", "Services\Basket\MultiShop.Basket\MultiShop.Basket.csproj", "{6DA677CE-F88F-48BE-93E3-3ECBF25FE2BF}"
EndProject
Global
	GlobalSection(SolutionConfigurationPlatforms) = preSolution
		Debug|Any CPU = Debug|Any CPU
		Release|Any CPU = Release|Any CPU
	EndGlobalSection
	GlobalSection(ProjectConfigurationPlatforms) = postSolution
		{39F37CEE-451B-4252-B78B-33053E6AFD79}.Debug|Any CPU.ActiveCfg = Debug|Any CPU
		{39F37CEE-451B-4252-B78B-33053E6AFD79}.Debug|Any CPU.Build.0 = Debug|Any CPU
		{39F37CEE-451B-4252-B78B-33053E6AFD79}.Release|Any CPU.ActiveCfg = Release|Any CPU
		{39F37CEE-451B-4252-B78B-33053E6AFD79}.Release|Any CPU.Build.0 = Release|Any CPU
		{F28FE4BB-96E7-42DE-8D2A-44A018641611}.Debug|Any CPU.ActiveCfg = Debug|Any CPU
		{F28FE4BB-96E7-42DE-8D2A-44A018641611}.Debug|Any CPU.Build.0 = Debug|Any CPU
		{F28FE4BB-96E7-42DE-8D2A-44A018641611}.Release|Any CPU.ActiveCfg = Release|Any CPU
		{F28FE4BB-96E7-42DE-8D2A-44A018641611}.Release|Any CPU.Build.0 = Release|Any CPU
		{AE64340A-25AD-4204-9EC1-909D87D172D0}.Debug|Any CPU.ActiveCfg = Debug|Any CPU
		{AE64340A-25AD-4204-9EC1-909D87D172D0}.Debug|Any CPU.Build.0 = Debug|Any CPU
		{AE64340A-25AD-4204-9EC1-909D87D172D0}.Release|Any CPU.ActiveCfg = Release|Any CPU
		{AE64340A-25AD-4204-9EC1-909D87D172D0}.Release|Any CPU.Build.0 = Release|Any CPU
		{3C36B65F-23FA-4826-889B-E83107915CBB}.Debug|Any CPU.ActiveCfg = Debug|Any CPU
		{3C36B65F-23FA-4826-889B-E83107915CBB}.Debug|Any CPU.Build.0 = Debug|Any CPU
		{3C36B65F-23FA-4826-889B-E83107915CBB}.Release|Any CPU.ActiveCfg = Release|Any CPU
		{3C36B65F-23FA-4826-889B-E83107915CBB}.Release|Any CPU.Build.0 = Release|Any CPU
		{1E3906FE-DEEA-46FC-82A7-DBB60765384C}.Debug|Any CPU.ActiveCfg = Debug|Any CPU
		{1E3906FE-DEEA-46FC-82A7-DBB60765384C}.Debug|Any CPU.Build.0 = Debug|Any CPU
		{1E3906FE-DEEA-46FC-82A7-DBB60765384C}.Release|Any CPU.ActiveCfg = Release|Any CPU
		{1E3906FE-DEEA-46FC-82A7-DBB60765384C}.Release|Any CPU.Build.0 = Release|Any CPU
		{E5735600-248C-4046-9985-51DC98944F9A}.Debug|Any CPU.ActiveCfg = Debug|Any CPU
		{E5735600-248C-4046-9985-51DC98944F9A}.Debug|Any CPU.Build.0 = Debug|Any CPU
		{E5735600-248C-4046-9985-51DC98944F9A}.Release|Any CPU.ActiveCfg = Release|Any CPU
		{E5735600-248C-4046-9985-51DC98944F9A}.Release|Any CPU.Build.0 = Release|Any CPU
		{A35CF194-4B0D-42F3-8D36-4ECD982CFDB1}.Debug|Any CPU.ActiveCfg = Debug|Any CPU
		{A35CF194-4B0D-42F3-8D36-4ECD982CFDB1}.Debug|Any CPU.Build.0 = Debug|Any CPU
		{A35CF194-4B0D-42F3-8D36-4ECD982CFDB1}.Release|Any CPU.ActiveCfg = Release|Any CPU
		{A35CF194-4B0D-42F3-8D36-4ECD982CFDB1}.Release|Any CPU.Build.0 = Release|Any CPU
		{EBFE220E-87B9-4245-AF93-70C4E5C943B3}.Debug|Any CPU.ActiveCfg = Debug|Any CPU
		{EBFE220E-87B9-4245-AF93-70C4E5C943B3}.Debug|Any CPU.Build.0 = Debug|Any CPU
		{EBFE220E-87B9-4245-AF93-70C4E5C943B3}.Release|Any CPU.ActiveCfg = Release|Any CPU
		{EBFE220E-87B9-4245-AF93-70C4E5C943B3}.Release|Any CPU.Build.0 = Release|Any CPU
		{0FED5BF9-6D52-47BD-BD9D-29C9A7DC96FF}.Debug|Any CPU.ActiveCfg = Debug|Any CPU
		{0FED5BF9-6D52-47BD-BD9D-29C9A7DC96FF}.Debug|Any CPU.Build.0 = Debug|Any CPU
		{0FED5BF9-6D52-47BD-BD9D-29C9A7DC96FF}.Release|Any CPU.ActiveCfg = Release|Any CPU
		{0FED5BF9-6D52-47BD-BD9D-29C9A7DC96FF}.Release|Any CPU.Build.0 = Release|Any CPU
		{73FC2A60-7A8B-43F4-BAA4-3F2872C58782}.Debug|Any CPU.ActiveCfg = Debug|Any CPU
		{73FC2A60-7A8B-43F4-BAA4-3F2872C58782}.Debug|Any CPU.Build.0 = Debug|Any CPU
		{73FC2A60-7A8B-43F4-BAA4-3F2872C58782}.Release|Any CPU.ActiveCfg = Release|Any CPU
		{73FC2A60-7A8B-43F4-BAA4-3F2872C58782}.Release|Any CPU.Build.0 = Release|Any CPU
		{CFFAAE48-032A-4777-AA55-1E08B11C2AD4}.Debug|Any CPU.ActiveCfg = Debug|Any CPU
		{CFFAAE48-032A-4777-AA55-1E08B11C2AD4}.Debug|Any CPU.Build.0 = Debug|Any CPU
		{CFFAAE48-032A-4777-AA55-1E08B11C2AD4}.Release|Any CPU.ActiveCfg = Release|Any CPU
		{CFFAAE48-032A-4777-AA55-1E08B11C2AD4}.Release|Any CPU.Build.0 = Release|Any CPU
		{D0554D0C-95F6-42C3-BD9E-8744441CA76B}.Debug|Any CPU.ActiveCfg = Debug|Any CPU
		{D0554D0C-95F6-42C3-BD9E-8744441CA76B}.Debug|Any CPU.Build.0 = Debug|Any CPU
		{D0554D0C-95F6-42C3-BD9E-8744441CA76B}.Release|Any CPU.ActiveCfg = Release|Any CPU
		{D0554D0C-95F6-42C3-BD9E-8744441CA76B}.Release|Any CPU.Build.0 = Release|Any CPU
		{6DA677CE-F88F-48BE-93E3-3ECBF25FE2BF}.Debug|Any CPU.ActiveCfg = Debug|Any CPU
		{6DA677CE-F88F-48BE-93E3-3ECBF25FE2BF}.Debug|Any CPU.Build.0 = Debug|Any CPU
		{6DA677CE-F88F-48BE-93E3-3ECBF25FE2BF}.Release|Any CPU.ActiveCfg = Release|Any CPU
		{6DA677CE-F88F-48BE-93E3-3ECBF25FE2BF}.Release|Any CPU.Build.0 = Release|Any CPU
	EndGlobalSection
	GlobalSection(SolutionProperties) = preSolution
		HideSolutionNode = FALSE
	EndGlobalSection
	GlobalSection(NestedProjects) = preSolution
		{34BED1C9-8C4A-463D-A1D7-187A2D8D0328} = {98801F3D-096D-4F21-852B-CB5000A6CF48}
		{39F37CEE-451B-4252-B78B-33053E6AFD79} = {34BED1C9-8C4A-463D-A1D7-187A2D8D0328}
		{774A94FD-2C02-40B7-B4F9-076F6D9702E5} = {98801F3D-096D-4F21-852B-CB5000A6CF48}
		{F28FE4BB-96E7-42DE-8D2A-44A018641611} = {774A94FD-2C02-40B7-B4F9-076F6D9702E5}
		{533752FA-3810-446C-B6AF-E8742ADF7ABA} = {98801F3D-096D-4F21-852B-CB5000A6CF48}
		{4C54A6D1-85BA-46B9-BD3A-DCD11CE7D52F} = {533752FA-3810-446C-B6AF-E8742ADF7ABA}
		{DCB0373A-F3CD-4B98-B328-A73AA55AA211} = {533752FA-3810-446C-B6AF-E8742ADF7ABA}
		{9089BCDC-C81D-4023-B299-813B9DC85770} = {533752FA-3810-446C-B6AF-E8742ADF7ABA}
		{AE64340A-25AD-4204-9EC1-909D87D172D0} = {4C54A6D1-85BA-46B9-BD3A-DCD11CE7D52F}
		{3C36B65F-23FA-4826-889B-E83107915CBB} = {4C54A6D1-85BA-46B9-BD3A-DCD11CE7D52F}
		{1E3906FE-DEEA-46FC-82A7-DBB60765384C} = {DCB0373A-F3CD-4B98-B328-A73AA55AA211}
		{E5735600-248C-4046-9985-51DC98944F9A} = {9089BCDC-C81D-4023-B299-813B9DC85770}
		{A35CF194-4B0D-42F3-8D36-4ECD982CFDB1} = {CADF529A-7890-4CE6-A146-D32FDF769713}
		{D7EBA912-3742-4922-91AA-A564262A2652} = {98801F3D-096D-4F21-852B-CB5000A6CF48}
		{EBFE220E-87B9-4245-AF93-70C4E5C943B3} = {D7EBA912-3742-4922-91AA-A564262A2652}
		{0FED5BF9-6D52-47BD-BD9D-29C9A7DC96FF} = {D7EBA912-3742-4922-91AA-A564262A2652}
		{73FC2A60-7A8B-43F4-BAA4-3F2872C58782} = {D7EBA912-3742-4922-91AA-A564262A2652}
		{CFFAAE48-032A-4777-AA55-1E08B11C2AD4} = {D7EBA912-3742-4922-91AA-A564262A2652}
		{D0554D0C-95F6-42C3-BD9E-8744441CA76B} = {D7EBA912-3742-4922-91AA-A564262A2652}
		{9689B428-413A-49F7-8A7C-909634BAA928} = {98801F3D-096D-4F21-852B-CB5000A6CF48}
		{6DA677CE-F88F-48BE-93E3-3ECBF25FE2BF} = {9689B428-413A-49F7-8A7C-909634BAA928}
	EndGlobalSection
	GlobalSection(ExtensibilityGlobals) = postSolution
		SolutionGuid = {BF096C24-406F-407B-92F8-F8A29DD3605D}
	EndGlobalSection
EndGlobal
